
Microsoft Visual Studio Solution File, Format Version 12.00
# Visual Studio 15
VisualStudioVersion = 15.0.28307.271
MinimumVisualStudioVersion = 10.0.40219.1
Project("{FAE04EC0-301F-11D3-BF4B-00C04F79EFBC}") = "HW1002_MyCanvas", "HW1002_MyCanvas\HW1002_MyCanvas.csproj", "{89146F7E-F2C9-496E-8B2B-85D49D8E4751}"
EndProject
Project("{FAE04EC0-301F-11D3-BF4B-00C04F79EFBC}") = "Client", "Client\Client.csproj", "{1ADEA0DF-CEC6-4AC3-B8AE-5E539CF202F4}"
EndProject
Global
	GlobalSection(SolutionConfigurationPlatforms) = preSolution
		Debug|Any CPU = Debug|Any CPU
		Release|Any CPU = Release|Any CPU
	EndGlobalSection
	GlobalSection(ProjectConfigurationPlatforms) = postSolution
		{89146F7E-F2C9-496E-8B2B-85D49D8E4751}.Debug|Any CPU.ActiveCfg = Debug|Any CPU
		{89146F7E-F2C9-496E-8B2B-85D49D8E4751}.Debug|Any CPU.Build.0 = Debug|Any CPU
		{89146F7E-F2C9-496E-8B2B-85D49D8E4751}.Release|Any CPU.ActiveCfg = Release|Any CPU
		{89146F7E-F2C9-496E-8B2B-85D49D8E4751}.Release|Any CPU.Build.0 = Release|Any CPU
		{1ADEA0DF-CEC6-4AC3-B8AE-5E539CF202F4}.Debug|Any CPU.ActiveCfg = Debug|Any CPU
		{1ADEA0DF-CEC6-4AC3-B8AE-5E539CF202F4}.Debug|Any CPU.Build.0 = Debug|Any CPU
		{1ADEA0DF-CEC6-4AC3-B8AE-5E539CF202F4}.Release|Any CPU.ActiveCfg = Release|Any CPU
		{1ADEA0DF-CEC6-4AC3-B8AE-5E539CF202F4}.Release|Any CPU.Build.0 = Release|Any CPU
	EndGlobalSection
	GlobalSection(SolutionProperties) = preSolution
		HideSolutionNode = FALSE
	EndGlobalSection
	GlobalSection(ExtensibilityGlobals) = postSolution
		SolutionGuid = {1192EAC7-5040-44D9-B344-C0D075D55AB9}
	EndGlobalSection
EndGlobal
